
Microsoft Visual Studio Solution File, Format Version 12.00
# Visual Studio Version 17
VisualStudioVersion = 17.13.36105.23 d17.13
MinimumVisualStudioVersion = 10.0.40219.1
Project("{FAE04EC0-301F-11D3-BF4B-00C04F79EFBC}") = "TRIZBD", "TRIZBD\TRIZBD.csproj", "{8D9D7F90-BA3A-42B4-BA60-808A21DC44CB}"
EndProject
Global
	GlobalSection(SolutionConfigurationPlatforms) = preSolution
		Debug|Any CPU = Debug|Any CPU
		Release|Any CPU = Release|Any CPU
	EndGlobalSection
	GlobalSection(ProjectConfigurationPlatforms) = postSolution
		{8D9D7F90-BA3A-42B4-BA60-808A21DC44CB}.Debug|Any CPU.ActiveCfg = Debug|Any CPU
		{8D9D7F90-BA3A-42B4-BA60-808A21DC44CB}.Debug|Any CPU.Build.0 = Debug|Any CPU
		{8D9D7F90-BA3A-42B4-BA60-808A21DC44CB}.Release|Any CPU.ActiveCfg = Release|Any CPU
		{8D9D7F90-BA3A-42B4-BA60-808A21DC44CB}.Release|Any CPU.Build.0 = Release|Any CPU
	EndGlobalSection
	GlobalSection(SolutionProperties) = preSolution
		HideSolutionNode = FALSE
	EndGlobalSection
	GlobalSection(ExtensibilityGlobals) = postSolution
		SolutionGuid = {2AB19721-EBD8-40E4-AA11-78D4C7F85E4E}
	EndGlobalSection
EndGlobal
